
Microsoft Visual Studio Solution File, Format Version 12.00
# Visual Studio Version 16
VisualStudioVersion = 16.0.31702.278
MinimumVisualStudioVersion = 10.0.40219.1
Project("{9A19103F-16F7-4668-BE54-9A1E7A4F7556}") = "Task1", "Task1\Task1.csproj", "{0DFFC3BA-780E-4622-BA0F-D920B47DF813}"
EndProject
Project("{FAE04EC0-301F-11D3-BF4B-00C04F79EFBC}") = "Task4", "Task4\Task4.csproj", "{2A9A721F-25F7-4A60-9B84-B89B1FD28A01}"
EndProject
Global
	GlobalSection(SolutionConfigurationPlatforms) = preSolution
		Debug|Any CPU = Debug|Any CPU
		Release|Any CPU = Release|Any CPU
	EndGlobalSection
	GlobalSection(ProjectConfigurationPlatforms) = postSolution
		{0DFFC3BA-780E-4622-BA0F-D920B47DF813}.Debug|Any CPU.ActiveCfg = Debug|Any CPU
		{0DFFC3BA-780E-4622-BA0F-D920B47DF813}.Debug|Any CPU.Build.0 = Debug|Any CPU
		{0DFFC3BA-780E-4622-BA0F-D920B47DF813}.Release|Any CPU.ActiveCfg = Release|Any CPU
		{0DFFC3BA-780E-4622-BA0F-D920B47DF813}.Release|Any CPU.Build.0 = Release|Any CPU
		{2A9A721F-25F7-4A60-9B84-B89B1FD28A01}.Debug|Any CPU.ActiveCfg = Debug|Any CPU
		{2A9A721F-25F7-4A60-9B84-B89B1FD28A01}.Debug|Any CPU.Build.0 = Debug|Any CPU
		{2A9A721F-25F7-4A60-9B84-B89B1FD28A01}.Release|Any CPU.ActiveCfg = Release|Any CPU
		{2A9A721F-25F7-4A60-9B84-B89B1FD28A01}.Release|Any CPU.Build.0 = Release|Any CPU
	EndGlobalSection
	GlobalSection(SolutionProperties) = preSolution
		HideSolutionNode = FALSE
	EndGlobalSection
	GlobalSection(ExtensibilityGlobals) = postSolution
		SolutionGuid = {A3505923-44CD-45EA-BACB-410DD92BD5D2}
	EndGlobalSection
EndGlobal
