
Microsoft Visual Studio Solution File, Format Version 12.00
# Visual Studio Version 16
VisualStudioVersion = 16.0.31702.278
MinimumVisualStudioVersion = 10.0.40219.1
Project("{9A19103F-16F7-4668-BE54-9A1E7A4F7556}") = "Task1", "Task1\Task1.csproj", "{0DFFC3BA-780E-4622-BA0F-D920B47DF813}"
EndProject
Project("{9A19103F-16F7-4668-BE54-9A1E7A4F7556}") = "Task4", "Task4\Task4.csproj", "{2A9A721F-25F7-4A60-9B84-B89B1FD28A01}"
EndProject
Project("{9A19103F-16F7-4668-BE54-9A1E7A4F7556}") = "Task5", "Task5\Task5.csproj", "{0A41CAF9-0BF1-477E-A6D1-71D6D29D7896}"
EndProject
Project("{9A19103F-16F7-4668-BE54-9A1E7A4F7556}") = "Task3", "Task3\Task3.csproj", "{56DC7AC3-697B-4456-81F6-F05ED1B91F3B}"
EndProject
Project("{FAE04EC0-301F-11D3-BF4B-00C04F79EFBC}") = "Task7", "Task7\Task7.csproj", "{347D8330-C0BA-4117-BDCA-33226F44D5D9}"
EndProject
Project("{9A19103F-16F7-4668-BE54-9A1E7A4F7556}") = "Task2", "Task2\Task2.csproj", "{65C9C4F8-EE13-44B7-B54E-E250F680C7F4}"
EndProject
Project("{9A19103F-16F7-4668-BE54-9A1E7A4F7556}") = "Task6", "Task6\Task6.csproj", "{517CD564-7714-478D-9D5A-256E8F90746D}"
EndProject
Project("{FAE04EC0-301F-11D3-BF4B-00C04F79EFBC}") = "Task8", "Task8\Task8.csproj", "{531B0583-1D99-4378-A7BF-D6DCBD156FA0}"
EndProject
Project("{FAE04EC0-301F-11D3-BF4B-00C04F79EFBC}") = "Task9", "Task9\Task9.csproj", "{4946B6EE-ED63-44BE-916A-E97BBC41F5E1}"
EndProject
Global
	GlobalSection(SolutionConfigurationPlatforms) = preSolution
		Debug|Any CPU = Debug|Any CPU
		Release|Any CPU = Release|Any CPU
	EndGlobalSection
	GlobalSection(ProjectConfigurationPlatforms) = postSolution
		{0DFFC3BA-780E-4622-BA0F-D920B47DF813}.Debug|Any CPU.ActiveCfg = Debug|Any CPU
		{0DFFC3BA-780E-4622-BA0F-D920B47DF813}.Debug|Any CPU.Build.0 = Debug|Any CPU
		{0DFFC3BA-780E-4622-BA0F-D920B47DF813}.Release|Any CPU.ActiveCfg = Release|Any CPU
		{0DFFC3BA-780E-4622-BA0F-D920B47DF813}.Release|Any CPU.Build.0 = Release|Any CPU
		{2A9A721F-25F7-4A60-9B84-B89B1FD28A01}.Debug|Any CPU.ActiveCfg = Debug|Any CPU
		{2A9A721F-25F7-4A60-9B84-B89B1FD28A01}.Debug|Any CPU.Build.0 = Debug|Any CPU
		{2A9A721F-25F7-4A60-9B84-B89B1FD28A01}.Release|Any CPU.ActiveCfg = Release|Any CPU
		{2A9A721F-25F7-4A60-9B84-B89B1FD28A01}.Release|Any CPU.Build.0 = Release|Any CPU
		{0A41CAF9-0BF1-477E-A6D1-71D6D29D7896}.Debug|Any CPU.ActiveCfg = Debug|Any CPU
		{0A41CAF9-0BF1-477E-A6D1-71D6D29D7896}.Debug|Any CPU.Build.0 = Debug|Any CPU
		{0A41CAF9-0BF1-477E-A6D1-71D6D29D7896}.Release|Any CPU.ActiveCfg = Release|Any CPU
		{0A41CAF9-0BF1-477E-A6D1-71D6D29D7896}.Release|Any CPU.Build.0 = Release|Any CPU
		{56DC7AC3-697B-4456-81F6-F05ED1B91F3B}.Debug|Any CPU.ActiveCfg = Debug|Any CPU
		{56DC7AC3-697B-4456-81F6-F05ED1B91F3B}.Debug|Any CPU.Build.0 = Debug|Any CPU
		{56DC7AC3-697B-4456-81F6-F05ED1B91F3B}.Release|Any CPU.ActiveCfg = Release|Any CPU
		{56DC7AC3-697B-4456-81F6-F05ED1B91F3B}.Release|Any CPU.Build.0 = Release|Any CPU
		{347D8330-C0BA-4117-BDCA-33226F44D5D9}.Debug|Any CPU.ActiveCfg = Debug|Any CPU
		{347D8330-C0BA-4117-BDCA-33226F44D5D9}.Debug|Any CPU.Build.0 = Debug|Any CPU
		{347D8330-C0BA-4117-BDCA-33226F44D5D9}.Release|Any CPU.ActiveCfg = Release|Any CPU
		{347D8330-C0BA-4117-BDCA-33226F44D5D9}.Release|Any CPU.Build.0 = Release|Any CPU
		{65C9C4F8-EE13-44B7-B54E-E250F680C7F4}.Debug|Any CPU.ActiveCfg = Debug|Any CPU
		{65C9C4F8-EE13-44B7-B54E-E250F680C7F4}.Debug|Any CPU.Build.0 = Debug|Any CPU
		{65C9C4F8-EE13-44B7-B54E-E250F680C7F4}.Release|Any CPU.ActiveCfg = Release|Any CPU
		{65C9C4F8-EE13-44B7-B54E-E250F680C7F4}.Release|Any CPU.Build.0 = Release|Any CPU
		{517CD564-7714-478D-9D5A-256E8F90746D}.Debug|Any CPU.ActiveCfg = Debug|Any CPU
		{517CD564-7714-478D-9D5A-256E8F90746D}.Debug|Any CPU.Build.0 = Debug|Any CPU
		{517CD564-7714-478D-9D5A-256E8F90746D}.Release|Any CPU.ActiveCfg = Release|Any CPU
		{517CD564-7714-478D-9D5A-256E8F90746D}.Release|Any CPU.Build.0 = Release|Any CPU
		{531B0583-1D99-4378-A7BF-D6DCBD156FA0}.Debug|Any CPU.ActiveCfg = Debug|Any CPU
		{531B0583-1D99-4378-A7BF-D6DCBD156FA0}.Debug|Any CPU.Build.0 = Debug|Any CPU
		{531B0583-1D99-4378-A7BF-D6DCBD156FA0}.Release|Any CPU.ActiveCfg = Release|Any CPU
		{531B0583-1D99-4378-A7BF-D6DCBD156FA0}.Release|Any CPU.Build.0 = Release|Any CPU
		{4946B6EE-ED63-44BE-916A-E97BBC41F5E1}.Debug|Any CPU.ActiveCfg = Debug|Any CPU
		{4946B6EE-ED63-44BE-916A-E97BBC41F5E1}.Debug|Any CPU.Build.0 = Debug|Any CPU
		{4946B6EE-ED63-44BE-916A-E97BBC41F5E1}.Release|Any CPU.ActiveCfg = Release|Any CPU
		{4946B6EE-ED63-44BE-916A-E97BBC41F5E1}.Release|Any CPU.Build.0 = Release|Any CPU
	EndGlobalSection
	GlobalSection(SolutionProperties) = preSolution
		HideSolutionNode = FALSE
	EndGlobalSection
	GlobalSection(ExtensibilityGlobals) = postSolution
		SolutionGuid = {A3505923-44CD-45EA-BACB-410DD92BD5D2}
	EndGlobalSection
EndGlobal
